// !$*UTF8*$!
{
	archiveVersion = 1;
	classes = {
	};
	objectVersion = 52;
	objects = {

/* Begin PBXBuildFile section */
		5571C13726E0ED5A008FBE0E /* SQLiteHelper.swift in Sources */ = {isa = PBXBuildFile; fileRef = 5571C13626E0ED5A008FBE0E /* SQLiteHelper.swift */; };
		5571C13A26E0F2D8008FBE0E /* antenna.radiowaves.left.and.right.svg in Resources */ = {isa = PBXBuildFile; fileRef = 5571C13926E0F2D8008FBE0E /* antenna.radiowaves.left.and.right.svg */; };
		5571C13C26E0F3E0008FBE0E /* text.bubble.fill.svg in Resources */ = {isa = PBXBuildFile; fileRef = 5571C13B26E0F3E0008FBE0E /* text.bubble.fill.svg */; };
		5571C13F26E0F441008FBE0E /* CommunicationPreferenceViewController.xib in Resources */ = {isa = PBXBuildFile; fileRef = 5571C13E26E0F441008FBE0E /* CommunicationPreferenceViewController.xib */; };
		557D32ED26DD6440001BBE8B /* TESET.storyboard in Resources */ = {isa = PBXBuildFile; fileRef = 557D32EC26DD6440001BBE8B /* TESET.storyboard */; };
		557D32EF26DE2025001BBE8B /* BTCentralManagerDelegate.swift in Sources */ = {isa = PBXBuildFile; fileRef = 557D32EE26DE2025001BBE8B /* BTCentralManagerDelegate.swift */; };
		557D32F126DE2098001BBE8B /* BTPeripheralDelegate.swift in Sources */ = {isa = PBXBuildFile; fileRef = 557D32F026DE2098001BBE8B /* BTPeripheralDelegate.swift */; };
		557D32F326DE210F001BBE8B /* BTPeripheralManagerDelegate.swift in Sources */ = {isa = PBXBuildFile; fileRef = 557D32F226DE210F001BBE8B /* BTPeripheralManagerDelegate.swift */; };
		557D332626DE951A001BBE8B /* LICENSE in Resources */ = {isa = PBXBuildFile; fileRef = 557D332426DE951A001BBE8B /* LICENSE */; };
		557D332726DE951A001BBE8B /* README.md in Resources */ = {isa = PBXBuildFile; fileRef = 557D332526DE951A001BBE8B /* README.md */; };
		557D332A26E0AF2B001BBE8B /* Preferences in Frameworks */ = {isa = PBXBuildFile; productRef = 557D332926E0AF2B001BBE8B /* Preferences */; };
		557D332C26E0AF55001BBE8B /* PreferencesHelper.swift in Sources */ = {isa = PBXBuildFile; fileRef = 557D332B26E0AF55001BBE8B /* PreferencesHelper.swift */; };
		557D332E26E0B13F001BBE8B /* GeneralPreferenceViewControllerOLD.xib in Resources */ = {isa = PBXBuildFile; fileRef = 557D332D26E0B13F001BBE8B /* GeneralPreferenceViewControllerOLD.xib */; };
		557D333026E0B18F001BBE8B /* AdvancedPreferenceViewController.xib in Resources */ = {isa = PBXBuildFile; fileRef = 557D332F26E0B18F001BBE8B /* AdvancedPreferenceViewController.xib */; };
		557D333226E0B207001BBE8B /* GeneralPreferenceViewController.xib in Resources */ = {isa = PBXBuildFile; fileRef = 557D333126E0B207001BBE8B /* GeneralPreferenceViewController.xib */; };
		5593B57026E10FF9007768FD /* BTChatDefaults.swift in Sources */ = {isa = PBXBuildFile; fileRef = 5593B56F26E10FF9007768FD /* BTChatDefaults.swift */; };
		5593B57526E11224007768FD /* CryptoHelper.swift in Sources */ = {isa = PBXBuildFile; fileRef = 5593B57426E11224007768FD /* CryptoHelper.swift */; };
		5593B57C26E117CF007768FD /* CoreBluetooth.framework in Frameworks */ = {isa = PBXBuildFile; fileRef = 55D65ABB26DD506600F6AF46 /* CoreBluetooth.framework */; };
		5593B58526E11C4B007768FD /* CryptoSwift.framework in Frameworks */ = {isa = PBXBuildFile; fileRef = 5593B58426E11C4B007768FD /* CryptoSwift.framework */; };
		55B4F8CA26E0B89E004F6C77 /* settings.png in Resources */ = {isa = PBXBuildFile; fileRef = 55B4F8C826E0B89E004F6C77 /* settings.png */; };
		55B4F8CB26E0B89E004F6C77 /* gear.svg in Resources */ = {isa = PBXBuildFile; fileRef = 55B4F8C926E0B89E004F6C77 /* gear.svg */; };
		55B4F8CD26E0BD66004F6C77 /* antenna.svg in Resources */ = {isa = PBXBuildFile; fileRef = 55B4F8CC26E0BD66004F6C77 /* antenna.svg */; };
		55B4F8D126E0E331004F6C77 /* Defaults in Frameworks */ = {isa = PBXBuildFile; productRef = 55B4F8D026E0E331004F6C77 /* Defaults */; };
		55B4F8D426E0E35A004F6C77 /* LaunchAtLogin in Frameworks */ = {isa = PBXBuildFile; productRef = 55B4F8D326E0E35A004F6C77 /* LaunchAtLogin */; };
		55D65AB926DD452100F6AF46 /* BTHelper.swift in Sources */ = {isa = PBXBuildFile; fileRef = 55D65AB826DD452100F6AF46 /* BTHelper.swift */; };
		691AE7721FE24EC6006CE4DB /* AppDelegate.swift in Sources */ = {isa = PBXBuildFile; fileRef = 691AE7711FE24EC6006CE4DB /* AppDelegate.swift */; };
		691AE7741FE24EC6006CE4DB /* ViewController.swift in Sources */ = {isa = PBXBuildFile; fileRef = 691AE7731FE24EC6006CE4DB /* ViewController.swift */; };
		691AE7761FE24EC6006CE4DB /* Assets.xcassets in Resources */ = {isa = PBXBuildFile; fileRef = 691AE7751FE24EC6006CE4DB /* Assets.xcassets */; };
		691AE7791FE24EC6006CE4DB /* Main.storyboard in Resources */ = {isa = PBXBuildFile; fileRef = 691AE7771FE24EC6006CE4DB /* Main.storyboard */; };
/* End PBXBuildFile section */

/* Begin PBXCopyFilesBuildPhase section */
		5593B58126E117D3007768FD /* Embed Frameworks */ = {
			isa = PBXCopyFilesBuildPhase;
			buildActionMask = 2147483647;
			dstPath = "";
			dstSubfolderSpec = 10;
			files = (
			);
			name = "Embed Frameworks";
			runOnlyForDeploymentPostprocessing = 0;
		};
/* End PBXCopyFilesBuildPhase section */

/* Begin PBXFileReference section */
		5571C13626E0ED5A008FBE0E /* SQLiteHelper.swift */ = {isa = PBXFileReference; lastKnownFileType = sourcecode.swift; path = SQLiteHelper.swift; sourceTree = "<group>"; };
		5571C13926E0F2D8008FBE0E /* antenna.radiowaves.left.and.right.svg */ = {isa = PBXFileReference; fileEncoding = 4; lastKnownFileType = text.xml; path = antenna.radiowaves.left.and.right.svg; sourceTree = "<group>"; };
		5571C13B26E0F3E0008FBE0E /* text.bubble.fill.svg */ = {isa = PBXFileReference; fileEncoding = 4; lastKnownFileType = text.xml; path = text.bubble.fill.svg; sourceTree = "<group>"; };
		5571C13E26E0F441008FBE0E /* CommunicationPreferenceViewController.xib */ = {isa = PBXFileReference; fileEncoding = 4; lastKnownFileType = file.xib; path = CommunicationPreferenceViewController.xib; sourceTree = "<group>"; };
		557D32EC26DD6440001BBE8B /* TESET.storyboard */ = {isa = PBXFileReference; lastKnownFileType = file.storyboard; path = TESET.storyboard; sourceTree = "<group>"; };
		557D32EE26DE2025001BBE8B /* BTCentralManagerDelegate.swift */ = {isa = PBXFileReference; fileEncoding = 4; lastKnownFileType = sourcecode.swift; path = BTCentralManagerDelegate.swift; sourceTree = "<group>"; };
		557D32F026DE2098001BBE8B /* BTPeripheralDelegate.swift */ = {isa = PBXFileReference; fileEncoding = 4; lastKnownFileType = sourcecode.swift; path = BTPeripheralDelegate.swift; sourceTree = "<group>"; };
		557D32F226DE210F001BBE8B /* BTPeripheralManagerDelegate.swift */ = {isa = PBXFileReference; fileEncoding = 4; lastKnownFileType = sourcecode.swift; path = BTPeripheralManagerDelegate.swift; sourceTree = "<group>"; };
		557D332426DE951A001BBE8B /* LICENSE */ = {isa = PBXFileReference; fileEncoding = 4; lastKnownFileType = text; path = LICENSE; sourceTree = "<group>"; };
		557D332526DE951A001BBE8B /* README.md */ = {isa = PBXFileReference; fileEncoding = 4; lastKnownFileType = net.daringfireball.markdown; path = README.md; sourceTree = "<group>"; };
		557D332B26E0AF55001BBE8B /* PreferencesHelper.swift */ = {isa = PBXFileReference; lastKnownFileType = sourcecode.swift; path = PreferencesHelper.swift; sourceTree = "<group>"; };
		557D332D26E0B13F001BBE8B /* GeneralPreferenceViewControllerOLD.xib */ = {isa = PBXFileReference; fileEncoding = 4; lastKnownFileType = file.xib; path = GeneralPreferenceViewControllerOLD.xib; sourceTree = "<group>"; };
		557D332F26E0B18F001BBE8B /* AdvancedPreferenceViewController.xib */ = {isa = PBXFileReference; fileEncoding = 4; lastKnownFileType = file.xib; path = AdvancedPreferenceViewController.xib; sourceTree = "<group>"; };
		557D333126E0B207001BBE8B /* GeneralPreferenceViewController.xib */ = {isa = PBXFileReference; fileEncoding = 4; lastKnownFileType = file.xib; path = GeneralPreferenceViewController.xib; sourceTree = "<group>"; };
		5593B56F26E10FF9007768FD /* BTChatDefaults.swift */ = {isa = PBXFileReference; lastKnownFileType = sourcecode.swift; path = BTChatDefaults.swift; sourceTree = "<group>"; };
		5593B57426E11224007768FD /* CryptoHelper.swift */ = {isa = PBXFileReference; lastKnownFileType = sourcecode.swift; path = CryptoHelper.swift; sourceTree = "<group>"; };
		5593B58426E11C4B007768FD /* CryptoSwift.framework */ = {isa = PBXFileReference; lastKnownFileType = wrapper.framework; path = CryptoSwift.framework; sourceTree = "<group>"; };
		55B4F8C826E0B89E004F6C77 /* settings.png */ = {isa = PBXFileReference; lastKnownFileType = image.png; path = settings.png; sourceTree = "<group>"; };
		55B4F8C926E0B89E004F6C77 /* gear.svg */ = {isa = PBXFileReference; fileEncoding = 4; lastKnownFileType = text.xml; path = gear.svg; sourceTree = "<group>"; };
		55B4F8CC26E0BD66004F6C77 /* antenna.svg */ = {isa = PBXFileReference; fileEncoding = 4; lastKnownFileType = text.xml; path = antenna.svg; sourceTree = "<group>"; };
		55D65AB826DD452100F6AF46 /* BTHelper.swift */ = {isa = PBXFileReference; lastKnownFileType = sourcecode.swift; path = BTHelper.swift; sourceTree = "<group>"; };
		55D65ABB26DD506600F6AF46 /* CoreBluetooth.framework */ = {isa = PBXFileReference; lastKnownFileType = wrapper.framework; name = CoreBluetooth.framework; path = System/Library/Frameworks/CoreBluetooth.framework; sourceTree = SDKROOT; };
		691AE76E1FE24EC5006CE4DB /* BTChat.app */ = {isa = PBXFileReference; explicitFileType = wrapper.application; includeInIndex = 0; path = BTChat.app; sourceTree = BUILT_PRODUCTS_DIR; };
		691AE7711FE24EC6006CE4DB /* AppDelegate.swift */ = {isa = PBXFileReference; lastKnownFileType = sourcecode.swift; path = AppDelegate.swift; sourceTree = "<group>"; };
		691AE7731FE24EC6006CE4DB /* ViewController.swift */ = {isa = PBXFileReference; lastKnownFileType = sourcecode.swift; path = ViewController.swift; sourceTree = "<group>"; };
		691AE7751FE24EC6006CE4DB /* Assets.xcassets */ = {isa = PBXFileReference; lastKnownFileType = folder.assetcatalog; path = Assets.xcassets; sourceTree = "<group>"; };
		691AE7781FE24EC6006CE4DB /* Base */ = {isa = PBXFileReference; lastKnownFileType = file.storyboard; name = Base; path = Base.lproj/Main.storyboard; sourceTree = "<group>"; };
		691AE77A1FE24EC6006CE4DB /* Info.plist */ = {isa = PBXFileReference; lastKnownFileType = text.plist.xml; path = Info.plist; sourceTree = "<group>"; };
		691AE77B1FE24EC6006CE4DB /* BTChat.entitlements */ = {isa = PBXFileReference; lastKnownFileType = text.plist.entitlements; path = BTChat.entitlements; sourceTree = "<group>"; };
/* End PBXFileReference section */

/* Begin PBXFrameworksBuildPhase section */
		691AE76B1FE24EC5006CE4DB /* Frameworks */ = {
			isa = PBXFrameworksBuildPhase;
			buildActionMask = 2147483647;
			files = (
				55B4F8D126E0E331004F6C77 /* Defaults in Frameworks */,
				55B4F8D426E0E35A004F6C77 /* LaunchAtLogin in Frameworks */,
				5593B57C26E117CF007768FD /* CoreBluetooth.framework in Frameworks */,
				5593B58526E11C4B007768FD /* CryptoSwift.framework in Frameworks */,
				557D332A26E0AF2B001BBE8B /* Preferences in Frameworks */,
			);
			runOnlyForDeploymentPostprocessing = 0;
		};
/* End PBXFrameworksBuildPhase section */

/* Begin PBXGroup section */
		5571C13526E0ED4C008FBE0E /* SQLite */ = {
			isa = PBXGroup;
			children = (
				5571C13626E0ED5A008FBE0E /* SQLiteHelper.swift */,
			);
			path = SQLite;
			sourceTree = "<group>";
		};
		5571C13D26E0F3E5008FBE0E /* img */ = {
			isa = PBXGroup;
			children = (
				5571C13B26E0F3E0008FBE0E /* text.bubble.fill.svg */,
				5571C13926E0F2D8008FBE0E /* antenna.radiowaves.left.and.right.svg */,
				55B4F8C926E0B89E004F6C77 /* gear.svg */,
				55B4F8C826E0B89E004F6C77 /* settings.png */,
				55B4F8CC26E0BD66004F6C77 /* antenna.svg */,
			);
			path = img;
			sourceTree = "<group>";
		};
		5593B57326E11217007768FD /* Crypto */ = {
			isa = PBXGroup;
			children = (
				5593B57426E11224007768FD /* CryptoHelper.swift */,
			);
			path = Crypto;
			sourceTree = "<group>";
		};
		55B4F8CE26E0E276004F6C77 /* Preferences */ = {
			isa = PBXGroup;
			children = (
				5571C13D26E0F3E5008FBE0E /* img */,
				557D332F26E0B18F001BBE8B /* AdvancedPreferenceViewController.xib */,
				5571C13E26E0F441008FBE0E /* CommunicationPreferenceViewController.xib */,
				557D332D26E0B13F001BBE8B /* GeneralPreferenceViewControllerOLD.xib */,
				557D333126E0B207001BBE8B /* GeneralPreferenceViewController.xib */,
				557D332B26E0AF55001BBE8B /* PreferencesHelper.swift */,
				5593B56F26E10FF9007768FD /* BTChatDefaults.swift */,
			);
			path = Preferences;
			sourceTree = "<group>";
		};
		55D65ABA26DD506500F6AF46 /* Frameworks */ = {
			isa = PBXGroup;
			children = (
				5593B58426E11C4B007768FD /* CryptoSwift.framework */,
				55D65ABB26DD506600F6AF46 /* CoreBluetooth.framework */,
			);
			name = Frameworks;
			sourceTree = "<group>";
		};
		691AE7651FE24EC5006CE4DB = {
			isa = PBXGroup;
			children = (
				557D332426DE951A001BBE8B /* LICENSE */,
				557D332526DE951A001BBE8B /* README.md */,
				691AE7701FE24EC5006CE4DB /* BTChat */,
				691AE76F1FE24EC5006CE4DB /* Products */,
				55D65ABA26DD506500F6AF46 /* Frameworks */,
			);
			sourceTree = "<group>";
		};
		691AE76F1FE24EC5006CE4DB /* Products */ = {
			isa = PBXGroup;
			children = (
				691AE76E1FE24EC5006CE4DB /* BTChat.app */,
			);
			name = Products;
			sourceTree = "<group>";
		};
		691AE7701FE24EC5006CE4DB /* BTChat */ = {
			isa = PBXGroup;
			children = (
				5593B57326E11217007768FD /* Crypto */,
				5571C13526E0ED4C008FBE0E /* SQLite */,
				55B4F8CE26E0E276004F6C77 /* Preferences */,
				691AE7711FE24EC6006CE4DB /* AppDelegate.swift */,
				691AE7751FE24EC6006CE4DB /* Assets.xcassets */,
				691AE7731FE24EC6006CE4DB /* ViewController.swift */,
				691AE7771FE24EC6006CE4DB /* Main.storyboard */,
				691AE77A1FE24EC6006CE4DB /* Info.plist */,
				691AE77B1FE24EC6006CE4DB /* BTChat.entitlements */,
				55D65AB826DD452100F6AF46 /* BTHelper.swift */,
				557D32F226DE210F001BBE8B /* BTPeripheralManagerDelegate.swift */,
				557D32F026DE2098001BBE8B /* BTPeripheralDelegate.swift */,
				557D32EE26DE2025001BBE8B /* BTCentralManagerDelegate.swift */,
				557D32EC26DD6440001BBE8B /* TESET.storyboard */,
			);
			path = BTChat;
			sourceTree = "<group>";
		};
/* End PBXGroup section */

/* Begin PBXNativeTarget section */
		691AE76D1FE24EC5006CE4DB /* BTChat */ = {
			isa = PBXNativeTarget;
			buildConfigurationList = 691AE77E1FE24EC6006CE4DB /* Build configuration list for PBXNativeTarget "BTChat" */;
			buildPhases = (
				691AE76A1FE24EC5006CE4DB /* Sources */,
				691AE76B1FE24EC5006CE4DB /* Frameworks */,
				691AE76C1FE24EC5006CE4DB /* Resources */,
				55B4F8D526E0E43F004F6C77 /* ShellScript */,
				5593B58126E117D3007768FD /* Embed Frameworks */,
			);
			buildRules = (
			);
			dependencies = (
			);
			name = BTChat;
			packageProductDependencies = (
				557D332926E0AF2B001BBE8B /* Preferences */,
				55B4F8D026E0E331004F6C77 /* Defaults */,
				55B4F8D326E0E35A004F6C77 /* LaunchAtLogin */,
			);
			productName = StatusBar;
			productReference = 691AE76E1FE24EC5006CE4DB /* BTChat.app */;
			productType = "com.apple.product-type.application";
		};
/* End PBXNativeTarget section */

/* Begin PBXProject section */
		691AE7661FE24EC5006CE4DB /* Project object */ = {
			isa = PBXProject;
			attributes = {
				LastSwiftUpdateCheck = 0920;
				LastUpgradeCheck = 0920;
				ORGANIZATIONNAME = sycf_ios;
				TargetAttributes = {
					691AE76D1FE24EC5006CE4DB = {
						CreatedOnToolsVersion = 9.2;
						ProvisioningStyle = Automatic;
					};
				};
			};
			buildConfigurationList = 691AE7691FE24EC5006CE4DB /* Build configuration list for PBXProject "BTChat" */;
			compatibilityVersion = "Xcode 8.0";
			developmentRegion = en;
			hasScannedForEncodings = 0;
			knownRegions = (
				en,
				Base,
			);
			mainGroup = 691AE7651FE24EC5006CE4DB;
			packageReferences = (
				557D332826E0AF2B001BBE8B /* XCRemoteSwiftPackageReference "Preferences" */,
				55B4F8CF26E0E331004F6C77 /* XCRemoteSwiftPackageReference "Defaults" */,
				55B4F8D226E0E35A004F6C77 /* XCRemoteSwiftPackageReference "LaunchAtLogin" */,
			);
			productRefGroup = 691AE76F1FE24EC5006CE4DB /* Products */;
			projectDirPath = "";
			projectRoot = "";
			targets = (
				691AE76D1FE24EC5006CE4DB /* BTChat */,
			);
		};
/* End PBXProject section */

/* Begin PBXResourcesBuildPhase section */
		691AE76C1FE24EC5006CE4DB /* Resources */ = {
			isa = PBXResourcesBuildPhase;
			buildActionMask = 2147483647;
			files = (
				55B4F8CD26E0BD66004F6C77 /* antenna.svg in Resources */,
				557D32ED26DD6440001BBE8B /* TESET.storyboard in Resources */,
				5571C13F26E0F441008FBE0E /* CommunicationPreferenceViewController.xib in Resources */,
				691AE7761FE24EC6006CE4DB /* Assets.xcassets in Resources */,
				557D333026E0B18F001BBE8B /* AdvancedPreferenceViewController.xib in Resources */,
				557D332726DE951A001BBE8B /* README.md in Resources */,
				5571C13A26E0F2D8008FBE0E /* antenna.radiowaves.left.and.right.svg in Resources */,
				557D332626DE951A001BBE8B /* LICENSE in Resources */,
				5571C13C26E0F3E0008FBE0E /* text.bubble.fill.svg in Resources */,
				557D332E26E0B13F001BBE8B /* GeneralPreferenceViewControllerOLD.xib in Resources */,
				55B4F8CA26E0B89E004F6C77 /* settings.png in Resources */,
				55B4F8CB26E0B89E004F6C77 /* gear.svg in Resources */,
				691AE7791FE24EC6006CE4DB /* Main.storyboard in Resources */,
				557D333226E0B207001BBE8B /* GeneralPreferenceViewController.xib in Resources */,
			);
			runOnlyForDeploymentPostprocessing = 0;
		};
/* End PBXResourcesBuildPhase section */

/* Begin PBXShellScriptBuildPhase section */
		55B4F8D526E0E43F004F6C77 /* ShellScript */ = {
			isa = PBXShellScriptBuildPhase;
			buildActionMask = 2147483647;
			files = (
			);
			inputFileListPaths = (
			);
			inputPaths = (
			);
			outputFileListPaths = (
			);
			outputPaths = (
			);
			runOnlyForDeploymentPostprocessing = 0;
			shellPath = /bin/sh;
			shellScript = "# Type a script or drag a script file from your workspace to insert its path.\n\"${BUILT_PRODUCTS_DIR}/LaunchAtLogin_LaunchAtLogin.bundle/Contents/Resources/copy-helper-swiftpm.sh\"\n";
		};
/* End PBXShellScriptBuildPhase section */

/* Begin PBXSourcesBuildPhase section */
		691AE76A1FE24EC5006CE4DB /* Sources */ = {
			isa = PBXSourcesBuildPhase;
			buildActionMask = 2147483647;
			files = (
				55D65AB926DD452100F6AF46 /* BTHelper.swift in Sources */,
				5593B57026E10FF9007768FD /* BTChatDefaults.swift in Sources */,
				691AE7741FE24EC6006CE4DB /* ViewController.swift in Sources */,
				557D32EF26DE2025001BBE8B /* BTCentralManagerDelegate.swift in Sources */,
				5593B57526E11224007768FD /* CryptoHelper.swift in Sources */,
				557D332C26E0AF55001BBE8B /* PreferencesHelper.swift in Sources */,
				557D32F126DE2098001BBE8B /* BTPeripheralDelegate.swift in Sources */,
				557D32F326DE210F001BBE8B /* BTPeripheralManagerDelegate.swift in Sources */,
				691AE7721FE24EC6006CE4DB /* AppDelegate.swift in Sources */,
				5571C13726E0ED5A008FBE0E /* SQLiteHelper.swift in Sources */,
			);
			runOnlyForDeploymentPostprocessing = 0;
		};
/* End PBXSourcesBuildPhase section */

/* Begin PBXVariantGroup section */
		691AE7771FE24EC6006CE4DB /* Main.storyboard */ = {
			isa = PBXVariantGroup;
			children = (
				691AE7781FE24EC6006CE4DB /* Base */,
			);
			name = Main.storyboard;
			sourceTree = "<group>";
		};
/* End PBXVariantGroup section */

/* Begin XCBuildConfiguration section */
		691AE77C1FE24EC6006CE4DB /* Debug */ = {
			isa = XCBuildConfiguration;
			buildSettings = {
				ALWAYS_SEARCH_USER_PATHS = NO;
				CLANG_ANALYZER_NONNULL = YES;
				CLANG_ANALYZER_NUMBER_OBJECT_CONVERSION = YES_AGGRESSIVE;
				CLANG_CXX_LANGUAGE_STANDARD = "gnu++14";
				CLANG_CXX_LIBRARY = "libc++";
				CLANG_ENABLE_MODULES = YES;
				CLANG_ENABLE_OBJC_ARC = YES;
				CLANG_WARN_BLOCK_CAPTURE_AUTORELEASING = YES;
				CLANG_WARN_BOOL_CONVERSION = YES;
				CLANG_WARN_COMMA = YES;
				CLANG_WARN_CONSTANT_CONVERSION = YES;
				CLANG_WARN_DIRECT_OBJC_ISA_USAGE = YES_ERROR;
				CLANG_WARN_DOCUMENTATION_COMMENTS = YES;
				CLANG_WARN_EMPTY_BODY = YES;
				CLANG_WARN_ENUM_CONVERSION = YES;
				CLANG_WARN_INFINITE_RECURSION = YES;
				CLANG_WARN_INT_CONVERSION = YES;
				CLANG_WARN_NON_LITERAL_NULL_CONVERSION = YES;
				CLANG_WARN_OBJC_LITERAL_CONVERSION = YES;
				CLANG_WARN_OBJC_ROOT_CLASS = YES_ERROR;
				CLANG_WARN_RANGE_LOOP_ANALYSIS = YES;
				CLANG_WARN_STRICT_PROTOTYPES = YES;
				CLANG_WARN_SUSPICIOUS_MOVE = YES;
				CLANG_WARN_UNGUARDED_AVAILABILITY = YES_AGGRESSIVE;
				CLANG_WARN_UNREACHABLE_CODE = YES;
				CLANG_WARN__DUPLICATE_METHOD_MATCH = YES;
				CODE_SIGN_IDENTITY = "Mac Developer";
				COPY_PHASE_STRIP = NO;
				DEBUG_INFORMATION_FORMAT = dwarf;
				ENABLE_STRICT_OBJC_MSGSEND = YES;
				ENABLE_TESTABILITY = YES;
				GCC_C_LANGUAGE_STANDARD = gnu11;
				GCC_DYNAMIC_NO_PIC = NO;
				GCC_NO_COMMON_BLOCKS = YES;
				GCC_OPTIMIZATION_LEVEL = 0;
				GCC_PREPROCESSOR_DEFINITIONS = (
					"DEBUG=1",
					"$(inherited)",
				);
				GCC_WARN_64_TO_32_BIT_CONVERSION = YES;
				GCC_WARN_ABOUT_RETURN_TYPE = YES_ERROR;
				GCC_WARN_UNDECLARED_SELECTOR = YES;
				GCC_WARN_UNINITIALIZED_AUTOS = YES_AGGRESSIVE;
				GCC_WARN_UNUSED_FUNCTION = YES;
				GCC_WARN_UNUSED_VARIABLE = YES;
				MACOSX_DEPLOYMENT_TARGET = 10.13;
				MTL_ENABLE_DEBUG_INFO = YES;
				ONLY_ACTIVE_ARCH = YES;
				SDKROOT = macosx;
				SWIFT_ACTIVE_COMPILATION_CONDITIONS = DEBUG;
				SWIFT_OPTIMIZATION_LEVEL = "-Onone";
			};
			name = Debug;
		};
		691AE77D1FE24EC6006CE4DB /* Release */ = {
			isa = XCBuildConfiguration;
			buildSettings = {
				ALWAYS_SEARCH_USER_PATHS = NO;
				CLANG_ANALYZER_NONNULL = YES;
				CLANG_ANALYZER_NUMBER_OBJECT_CONVERSION = YES_AGGRESSIVE;
				CLANG_CXX_LANGUAGE_STANDARD = "gnu++14";
				CLANG_CXX_LIBRARY = "libc++";
				CLANG_ENABLE_MODULES = YES;
				CLANG_ENABLE_OBJC_ARC = YES;
				CLANG_WARN_BLOCK_CAPTURE_AUTORELEASING = YES;
				CLANG_WARN_BOOL_CONVERSION = YES;
				CLANG_WARN_COMMA = YES;
				CLANG_WARN_CONSTANT_CONVERSION = YES;
				CLANG_WARN_DIRECT_OBJC_ISA_USAGE = YES_ERROR;
				CLANG_WARN_DOCUMENTATION_COMMENTS = YES;
				CLANG_WARN_EMPTY_BODY = YES;
				CLANG_WARN_ENUM_CONVERSION = YES;
				CLANG_WARN_INFINITE_RECURSION = YES;
				CLANG_WARN_INT_CONVERSION = YES;
				CLANG_WARN_NON_LITERAL_NULL_CONVERSION = YES;
				CLANG_WARN_OBJC_LITERAL_CONVERSION = YES;
				CLANG_WARN_OBJC_ROOT_CLASS = YES_ERROR;
				CLANG_WARN_RANGE_LOOP_ANALYSIS = YES;
				CLANG_WARN_STRICT_PROTOTYPES = YES;
				CLANG_WARN_SUSPICIOUS_MOVE = YES;
				CLANG_WARN_UNGUARDED_AVAILABILITY = YES_AGGRESSIVE;
				CLANG_WARN_UNREACHABLE_CODE = YES;
				CLANG_WARN__DUPLICATE_METHOD_MATCH = YES;
				CODE_SIGN_IDENTITY = "Mac Developer";
				COPY_PHASE_STRIP = NO;
				DEBUG_INFORMATION_FORMAT = "dwarf-with-dsym";
				ENABLE_NS_ASSERTIONS = NO;
				ENABLE_STRICT_OBJC_MSGSEND = YES;
				GCC_C_LANGUAGE_STANDARD = gnu11;
				GCC_NO_COMMON_BLOCKS = YES;
				GCC_WARN_64_TO_32_BIT_CONVERSION = YES;
				GCC_WARN_ABOUT_RETURN_TYPE = YES_ERROR;
				GCC_WARN_UNDECLARED_SELECTOR = YES;
				GCC_WARN_UNINITIALIZED_AUTOS = YES_AGGRESSIVE;
				GCC_WARN_UNUSED_FUNCTION = YES;
				GCC_WARN_UNUSED_VARIABLE = YES;
				MACOSX_DEPLOYMENT_TARGET = 10.13;
				MTL_ENABLE_DEBUG_INFO = NO;
				SDKROOT = macosx;
				SWIFT_COMPILATION_MODE = wholemodule;
				SWIFT_OPTIMIZATION_LEVEL = "-O";
			};
			name = Release;
		};
		691AE77F1FE24EC6006CE4DB /* Debug */ = {
			isa = XCBuildConfiguration;
			buildSettings = {
				ARCHS = "$(ARCHS_STANDARD)";
				ASSETCATALOG_COMPILER_APPICON_NAME = AppIcon;
				CODE_SIGN_ENTITLEMENTS = BTChat/BTChat.entitlements;
				CODE_SIGN_STYLE = Automatic;
				COMBINE_HIDPI_IMAGES = YES;
				DEVELOPMENT_TEAM = PB7SHXTJHG;
				FRAMEWORK_SEARCH_PATHS = (
					"$(inherited)",
					"$(PROJECT_DIR)",
				);
				INFOPLIST_FILE = BTChat/Info.plist;
				LD_RUNPATH_SEARCH_PATHS = (
					"$(inherited)",
					"@executable_path/../Frameworks",
				);
				MACOSX_DEPLOYMENT_TARGET = 11.0;
				MARKETING_VERSION = 0.0.1;
				ONLY_ACTIVE_ARCH = YES;
				PRODUCT_BUNDLE_IDENTIFIER = ch.kimhauser.macos.btchat;
				PRODUCT_NAME = "$(TARGET_NAME)";
				SWIFT_VERSION = 4.0;
				VALIDATE_PRODUCT = NO;
				VALIDATE_WORKSPACE = YES;
			};
			name = Debug;
		};
		691AE7801FE24EC6006CE4DB /* Release */ = {
			isa = XCBuildConfiguration;
			buildSettings = {
				ARCHS = "$(ARCHS_STANDARD)";
				ASSETCATALOG_COMPILER_APPICON_NAME = AppIcon;
				CODE_SIGN_ENTITLEMENTS = BTChat/BTChat.entitlements;
				CODE_SIGN_STYLE = Automatic;
				COMBINE_HIDPI_IMAGES = YES;
				DEVELOPMENT_TEAM = PB7SHXTJHG;
				FRAMEWORK_SEARCH_PATHS = (
					"$(inherited)",
					"$(PROJECT_DIR)",
				);
				INFOPLIST_FILE = BTChat/Info.plist;
				LD_RUNPATH_SEARCH_PATHS = (
					"$(inherited)",
					"@executable_path/../Frameworks",
				);
				MACOSX_DEPLOYMENT_TARGET = 11.0;
				MARKETING_VERSION = 0.0.1;
				PRODUCT_BUNDLE_IDENTIFIER = ch.kimhauser.macos.btchat;
				PRODUCT_NAME = "$(TARGET_NAME)";
				SWIFT_VERSION = 4.0;
				VALIDATE_PRODUCT = NO;
				VALIDATE_WORKSPACE = YES;
			};
			name = Release;
		};
/* End XCBuildConfiguration section */

/* Begin XCConfigurationList section */
		691AE7691FE24EC5006CE4DB /* Build configuration list for PBXProject "BTChat" */ = {
			isa = XCConfigurationList;
			buildConfigurations = (
				691AE77C1FE24EC6006CE4DB /* Debug */,
				691AE77D1FE24EC6006CE4DB /* Release */,
			);
			defaultConfigurationIsVisible = 0;
			defaultConfigurationName = Release;
		};
		691AE77E1FE24EC6006CE4DB /* Build configuration list for PBXNativeTarget "BTChat" */ = {
			isa = XCConfigurationList;
			buildConfigurations = (
				691AE77F1FE24EC6006CE4DB /* Debug */,
				691AE7801FE24EC6006CE4DB /* Release */,
			);
			defaultConfigurationIsVisible = 0;
			defaultConfigurationName = Release;
		};
/* End XCConfigurationList section */

/* Begin XCRemoteSwiftPackageReference section */
		557D332826E0AF2B001BBE8B /* XCRemoteSwiftPackageReference "Preferences" */ = {
			isa = XCRemoteSwiftPackageReference;
			repositoryURL = "https://github.com/sindresorhus/Preferences";
			requirement = {
				kind = upToNextMajorVersion;
				minimumVersion = 2.4.0;
			};
		};
		55B4F8CF26E0E331004F6C77 /* XCRemoteSwiftPackageReference "Defaults" */ = {
			isa = XCRemoteSwiftPackageReference;
			repositoryURL = "https://github.com/sindresorhus/Defaults";
			requirement = {
				kind = upToNextMajorVersion;
				minimumVersion = 5.0.0;
			};
		};
		55B4F8D226E0E35A004F6C77 /* XCRemoteSwiftPackageReference "LaunchAtLogin" */ = {
			isa = XCRemoteSwiftPackageReference;
			repositoryURL = "https://github.com/sindresorhus/LaunchAtLogin";
			requirement = {
				kind = upToNextMajorVersion;
				minimumVersion = 4.1.0;
			};
		};
/* End XCRemoteSwiftPackageReference section */

/* Begin XCSwiftPackageProductDependency section */
		557D332926E0AF2B001BBE8B /* Preferences */ = {
			isa = XCSwiftPackageProductDependency;
			package = 557D332826E0AF2B001BBE8B /* XCRemoteSwiftPackageReference "Preferences" */;
			productName = Preferences;
		};
		55B4F8D026E0E331004F6C77 /* Defaults */ = {
			isa = XCSwiftPackageProductDependency;
			package = 55B4F8CF26E0E331004F6C77 /* XCRemoteSwiftPackageReference "Defaults" */;
			productName = Defaults;
		};
		55B4F8D326E0E35A004F6C77 /* LaunchAtLogin */ = {
			isa = XCSwiftPackageProductDependency;
			package = 55B4F8D226E0E35A004F6C77 /* XCRemoteSwiftPackageReference "LaunchAtLogin" */;
			productName = LaunchAtLogin;
		};
/* End XCSwiftPackageProductDependency section */
	};
	rootObject = 691AE7661FE24EC5006CE4DB /* Project object */;
}
