// !$*UTF8*$!
{
	archiveVersion = 1;
	classes = {
	};
	objectVersion = 48;
	objects = {

/* Begin PBXBuildFile section */
		557D32ED26DD6440001BBE8B /* TESET.storyboard in Resources */ = {isa = PBXBuildFile; fileRef = 557D32EC26DD6440001BBE8B /* TESET.storyboard */; };
		557D32EF26DE2025001BBE8B /* BTCentralManagerDelegate.swift in Sources */ = {isa = PBXBuildFile; fileRef = 557D32EE26DE2025001BBE8B /* BTCentralManagerDelegate.swift */; };
		557D32F126DE2098001BBE8B /* BTPeripheralDelegate.swift in Sources */ = {isa = PBXBuildFile; fileRef = 557D32F026DE2098001BBE8B /* BTPeripheralDelegate.swift */; };
		557D32F326DE210F001BBE8B /* BTPeripheralManagerDelegate.swift in Sources */ = {isa = PBXBuildFile; fileRef = 557D32F226DE210F001BBE8B /* BTPeripheralManagerDelegate.swift */; };
		557D332626DE951A001BBE8B /* LICENSE in Resources */ = {isa = PBXBuildFile; fileRef = 557D332426DE951A001BBE8B /* LICENSE */; };
		557D332726DE951A001BBE8B /* README.md in Resources */ = {isa = PBXBuildFile; fileRef = 557D332526DE951A001BBE8B /* README.md */; };
		55D65AB926DD452100F6AF46 /* BTHelper.swift in Sources */ = {isa = PBXBuildFile; fileRef = 55D65AB826DD452100F6AF46 /* BTHelper.swift */; };
		55D65ABC26DD506600F6AF46 /* CoreBluetooth.framework in Frameworks */ = {isa = PBXBuildFile; fileRef = 55D65ABB26DD506600F6AF46 /* CoreBluetooth.framework */; };
		691AE7721FE24EC6006CE4DB /* AppDelegate.swift in Sources */ = {isa = PBXBuildFile; fileRef = 691AE7711FE24EC6006CE4DB /* AppDelegate.swift */; };
		691AE7741FE24EC6006CE4DB /* ViewController.swift in Sources */ = {isa = PBXBuildFile; fileRef = 691AE7731FE24EC6006CE4DB /* ViewController.swift */; };
		691AE7761FE24EC6006CE4DB /* Assets.xcassets in Resources */ = {isa = PBXBuildFile; fileRef = 691AE7751FE24EC6006CE4DB /* Assets.xcassets */; };
		691AE7791FE24EC6006CE4DB /* Main.storyboard in Resources */ = {isa = PBXBuildFile; fileRef = 691AE7771FE24EC6006CE4DB /* Main.storyboard */; };
/* End PBXBuildFile section */

/* Begin PBXFileReference section */
		557D32EC26DD6440001BBE8B /* TESET.storyboard */ = {isa = PBXFileReference; lastKnownFileType = file.storyboard; path = TESET.storyboard; sourceTree = "<group>"; };
		557D32EE26DE2025001BBE8B /* BTCentralManagerDelegate.swift */ = {isa = PBXFileReference; fileEncoding = 4; lastKnownFileType = sourcecode.swift; path = BTCentralManagerDelegate.swift; sourceTree = "<group>"; };
		557D32F026DE2098001BBE8B /* BTPeripheralDelegate.swift */ = {isa = PBXFileReference; fileEncoding = 4; lastKnownFileType = sourcecode.swift; path = BTPeripheralDelegate.swift; sourceTree = "<group>"; };
		557D32F226DE210F001BBE8B /* BTPeripheralManagerDelegate.swift */ = {isa = PBXFileReference; fileEncoding = 4; lastKnownFileType = sourcecode.swift; path = BTPeripheralManagerDelegate.swift; sourceTree = "<group>"; };
		557D332426DE951A001BBE8B /* LICENSE */ = {isa = PBXFileReference; fileEncoding = 4; lastKnownFileType = text; path = LICENSE; sourceTree = "<group>"; };
		557D332526DE951A001BBE8B /* README.md */ = {isa = PBXFileReference; fileEncoding = 4; lastKnownFileType = net.daringfireball.markdown; path = README.md; sourceTree = "<group>"; };
		55D65AB826DD452100F6AF46 /* BTHelper.swift */ = {isa = PBXFileReference; lastKnownFileType = sourcecode.swift; path = BTHelper.swift; sourceTree = "<group>"; };
		55D65ABB26DD506600F6AF46 /* CoreBluetooth.framework */ = {isa = PBXFileReference; lastKnownFileType = wrapper.framework; name = CoreBluetooth.framework; path = System/Library/Frameworks/CoreBluetooth.framework; sourceTree = SDKROOT; };
		691AE76E1FE24EC5006CE4DB /* BTChat.app */ = {isa = PBXFileReference; explicitFileType = wrapper.application; includeInIndex = 0; path = BTChat.app; sourceTree = BUILT_PRODUCTS_DIR; };
		691AE7711FE24EC6006CE4DB /* AppDelegate.swift */ = {isa = PBXFileReference; lastKnownFileType = sourcecode.swift; path = AppDelegate.swift; sourceTree = "<group>"; };
		691AE7731FE24EC6006CE4DB /* ViewController.swift */ = {isa = PBXFileReference; lastKnownFileType = sourcecode.swift; path = ViewController.swift; sourceTree = "<group>"; };
		691AE7751FE24EC6006CE4DB /* Assets.xcassets */ = {isa = PBXFileReference; lastKnownFileType = folder.assetcatalog; path = Assets.xcassets; sourceTree = "<group>"; };
		691AE7781FE24EC6006CE4DB /* Base */ = {isa = PBXFileReference; lastKnownFileType = file.storyboard; name = Base; path = Base.lproj/Main.storyboard; sourceTree = "<group>"; };
		691AE77A1FE24EC6006CE4DB /* Info.plist */ = {isa = PBXFileReference; lastKnownFileType = text.plist.xml; path = Info.plist; sourceTree = "<group>"; };
		691AE77B1FE24EC6006CE4DB /* BTChat.entitlements */ = {isa = PBXFileReference; lastKnownFileType = text.plist.entitlements; path = BTChat.entitlements; sourceTree = "<group>"; };
/* End PBXFileReference section */

/* Begin PBXFrameworksBuildPhase section */
		691AE76B1FE24EC5006CE4DB /* Frameworks */ = {
			isa = PBXFrameworksBuildPhase;
			buildActionMask = 2147483647;
			files = (
				55D65ABC26DD506600F6AF46 /* CoreBluetooth.framework in Frameworks */,
			);
			runOnlyForDeploymentPostprocessing = 0;
		};
/* End PBXFrameworksBuildPhase section */

/* Begin PBXGroup section */
		55D65ABA26DD506500F6AF46 /* Frameworks */ = {
			isa = PBXGroup;
			children = (
				55D65ABB26DD506600F6AF46 /* CoreBluetooth.framework */,
			);
			name = Frameworks;
			sourceTree = "<group>";
		};
		691AE7651FE24EC5006CE4DB = {
			isa = PBXGroup;
			children = (
				557D332426DE951A001BBE8B /* LICENSE */,
				557D332526DE951A001BBE8B /* README.md */,
				691AE7701FE24EC5006CE4DB /* BTChat */,
				691AE76F1FE24EC5006CE4DB /* Products */,
				55D65ABA26DD506500F6AF46 /* Frameworks */,
			);
			sourceTree = "<group>";
		};
		691AE76F1FE24EC5006CE4DB /* Products */ = {
			isa = PBXGroup;
			children = (
				691AE76E1FE24EC5006CE4DB /* BTChat.app */,
			);
			name = Products;
			sourceTree = "<group>";
		};
		691AE7701FE24EC5006CE4DB /* BTChat */ = {
			isa = PBXGroup;
			children = (
				691AE7711FE24EC6006CE4DB /* AppDelegate.swift */,
				691AE7751FE24EC6006CE4DB /* Assets.xcassets */,
				691AE7731FE24EC6006CE4DB /* ViewController.swift */,
				691AE7771FE24EC6006CE4DB /* Main.storyboard */,
				691AE77A1FE24EC6006CE4DB /* Info.plist */,
				691AE77B1FE24EC6006CE4DB /* BTChat.entitlements */,
				55D65AB826DD452100F6AF46 /* BTHelper.swift */,
				557D32F226DE210F001BBE8B /* BTPeripheralManagerDelegate.swift */,
				557D32F026DE2098001BBE8B /* BTPeripheralDelegate.swift */,
				557D32EE26DE2025001BBE8B /* BTCentralManagerDelegate.swift */,
				557D32EC26DD6440001BBE8B /* TESET.storyboard */,
			);
			path = BTChat;
			sourceTree = "<group>";
		};
/* End PBXGroup section */

/* Begin PBXNativeTarget section */
		691AE76D1FE24EC5006CE4DB /* BTChat */ = {
			isa = PBXNativeTarget;
			buildConfigurationList = 691AE77E1FE24EC6006CE4DB /* Build configuration list for PBXNativeTarget "BTChat" */;
			buildPhases = (
				691AE76A1FE24EC5006CE4DB /* Sources */,
				691AE76B1FE24EC5006CE4DB /* Frameworks */,
				691AE76C1FE24EC5006CE4DB /* Resources */,
			);
			buildRules = (
			);
			dependencies = (
			);
			name = BTChat;
			productName = StatusBar;
			productReference = 691AE76E1FE24EC5006CE4DB /* BTChat.app */;
			productType = "com.apple.product-type.application";
		};
/* End PBXNativeTarget section */

/* Begin PBXProject section */
		691AE7661FE24EC5006CE4DB /* Project object */ = {
			isa = PBXProject;
			attributes = {
				LastSwiftUpdateCheck = 0920;
				LastUpgradeCheck = 0920;
				ORGANIZATIONNAME = sycf_ios;
				TargetAttributes = {
					691AE76D1FE24EC5006CE4DB = {
						CreatedOnToolsVersion = 9.2;
						ProvisioningStyle = Automatic;
					};
				};
			};
			buildConfigurationList = 691AE7691FE24EC5006CE4DB /* Build configuration list for PBXProject "BTChat" */;
			compatibilityVersion = "Xcode 8.0";
			developmentRegion = en;
			hasScannedForEncodings = 0;
			knownRegions = (
				en,
				Base,
			);
			mainGroup = 691AE7651FE24EC5006CE4DB;
			productRefGroup = 691AE76F1FE24EC5006CE4DB /* Products */;
			projectDirPath = "";
			projectRoot = "";
			targets = (
				691AE76D1FE24EC5006CE4DB /* BTChat */,
			);
		};
/* End PBXProject section */

/* Begin PBXResourcesBuildPhase section */
		691AE76C1FE24EC5006CE4DB /* Resources */ = {
			isa = PBXResourcesBuildPhase;
			buildActionMask = 2147483647;
			files = (
				557D32ED26DD6440001BBE8B /* TESET.storyboard in Resources */,
				691AE7761FE24EC6006CE4DB /* Assets.xcassets in Resources */,
				557D332726DE951A001BBE8B /* README.md in Resources */,
				557D332626DE951A001BBE8B /* LICENSE in Resources */,
				691AE7791FE24EC6006CE4DB /* Main.storyboard in Resources */,
			);
			runOnlyForDeploymentPostprocessing = 0;
		};
/* End PBXResourcesBuildPhase section */

/* Begin PBXSourcesBuildPhase section */
		691AE76A1FE24EC5006CE4DB /* Sources */ = {
			isa = PBXSourcesBuildPhase;
			buildActionMask = 2147483647;
			files = (
				55D65AB926DD452100F6AF46 /* BTHelper.swift in Sources */,
				691AE7741FE24EC6006CE4DB /* ViewController.swift in Sources */,
				557D32EF26DE2025001BBE8B /* BTCentralManagerDelegate.swift in Sources */,
				557D32F126DE2098001BBE8B /* BTPeripheralDelegate.swift in Sources */,
				557D32F326DE210F001BBE8B /* BTPeripheralManagerDelegate.swift in Sources */,
				691AE7721FE24EC6006CE4DB /* AppDelegate.swift in Sources */,
			);
			runOnlyForDeploymentPostprocessing = 0;
		};
/* End PBXSourcesBuildPhase section */

/* Begin PBXVariantGroup section */
		691AE7771FE24EC6006CE4DB /* Main.storyboard */ = {
			isa = PBXVariantGroup;
			children = (
				691AE7781FE24EC6006CE4DB /* Base */,
			);
			name = Main.storyboard;
			sourceTree = "<group>";
		};
/* End PBXVariantGroup section */

/* Begin XCBuildConfiguration section */
		691AE77C1FE24EC6006CE4DB /* Debug */ = {
			isa = XCBuildConfiguration;
			buildSettings = {
				ALWAYS_SEARCH_USER_PATHS = NO;
				CLANG_ANALYZER_NONNULL = YES;
				CLANG_ANALYZER_NUMBER_OBJECT_CONVERSION = YES_AGGRESSIVE;
				CLANG_CXX_LANGUAGE_STANDARD = "gnu++14";
				CLANG_CXX_LIBRARY = "libc++";
				CLANG_ENABLE_MODULES = YES;
				CLANG_ENABLE_OBJC_ARC = YES;
				CLANG_WARN_BLOCK_CAPTURE_AUTORELEASING = YES;
				CLANG_WARN_BOOL_CONVERSION = YES;
				CLANG_WARN_COMMA = YES;
				CLANG_WARN_CONSTANT_CONVERSION = YES;
				CLANG_WARN_DIRECT_OBJC_ISA_USAGE = YES_ERROR;
				CLANG_WARN_DOCUMENTATION_COMMENTS = YES;
				CLANG_WARN_EMPTY_BODY = YES;
				CLANG_WARN_ENUM_CONVERSION = YES;
				CLANG_WARN_INFINITE_RECURSION = YES;
				CLANG_WARN_INT_CONVERSION = YES;
				CLANG_WARN_NON_LITERAL_NULL_CONVERSION = YES;
				CLANG_WARN_OBJC_LITERAL_CONVERSION = YES;
				CLANG_WARN_OBJC_ROOT_CLASS = YES_ERROR;
				CLANG_WARN_RANGE_LOOP_ANALYSIS = YES;
				CLANG_WARN_STRICT_PROTOTYPES = YES;
				CLANG_WARN_SUSPICIOUS_MOVE = YES;
				CLANG_WARN_UNGUARDED_AVAILABILITY = YES_AGGRESSIVE;
				CLANG_WARN_UNREACHABLE_CODE = YES;
				CLANG_WARN__DUPLICATE_METHOD_MATCH = YES;
				CODE_SIGN_IDENTITY = "Mac Developer";
				COPY_PHASE_STRIP = NO;
				DEBUG_INFORMATION_FORMAT = dwarf;
				ENABLE_STRICT_OBJC_MSGSEND = YES;
				ENABLE_TESTABILITY = YES;
				GCC_C_LANGUAGE_STANDARD = gnu11;
				GCC_DYNAMIC_NO_PIC = NO;
				GCC_NO_COMMON_BLOCKS = YES;
				GCC_OPTIMIZATION_LEVEL = 0;
				GCC_PREPROCESSOR_DEFINITIONS = (
					"DEBUG=1",
					"$(inherited)",
				);
				GCC_WARN_64_TO_32_BIT_CONVERSION = YES;
				GCC_WARN_ABOUT_RETURN_TYPE = YES_ERROR;
				GCC_WARN_UNDECLARED_SELECTOR = YES;
				GCC_WARN_UNINITIALIZED_AUTOS = YES_AGGRESSIVE;
				GCC_WARN_UNUSED_FUNCTION = YES;
				GCC_WARN_UNUSED_VARIABLE = YES;
				MACOSX_DEPLOYMENT_TARGET = 10.13;
				MTL_ENABLE_DEBUG_INFO = YES;
				ONLY_ACTIVE_ARCH = YES;
				SDKROOT = macosx;
				SWIFT_ACTIVE_COMPILATION_CONDITIONS = DEBUG;
				SWIFT_OPTIMIZATION_LEVEL = "-Onone";
			};
			name = Debug;
		};
		691AE77D1FE24EC6006CE4DB /* Release */ = {
			isa = XCBuildConfiguration;
			buildSettings = {
				ALWAYS_SEARCH_USER_PATHS = NO;
				CLANG_ANALYZER_NONNULL = YES;
				CLANG_ANALYZER_NUMBER_OBJECT_CONVERSION = YES_AGGRESSIVE;
				CLANG_CXX_LANGUAGE_STANDARD = "gnu++14";
				CLANG_CXX_LIBRARY = "libc++";
				CLANG_ENABLE_MODULES = YES;
				CLANG_ENABLE_OBJC_ARC = YES;
				CLANG_WARN_BLOCK_CAPTURE_AUTORELEASING = YES;
				CLANG_WARN_BOOL_CONVERSION = YES;
				CLANG_WARN_COMMA = YES;
				CLANG_WARN_CONSTANT_CONVERSION = YES;
				CLANG_WARN_DIRECT_OBJC_ISA_USAGE = YES_ERROR;
				CLANG_WARN_DOCUMENTATION_COMMENTS = YES;
				CLANG_WARN_EMPTY_BODY = YES;
				CLANG_WARN_ENUM_CONVERSION = YES;
				CLANG_WARN_INFINITE_RECURSION = YES;
				CLANG_WARN_INT_CONVERSION = YES;
				CLANG_WARN_NON_LITERAL_NULL_CONVERSION = YES;
				CLANG_WARN_OBJC_LITERAL_CONVERSION = YES;
				CLANG_WARN_OBJC_ROOT_CLASS = YES_ERROR;
				CLANG_WARN_RANGE_LOOP_ANALYSIS = YES;
				CLANG_WARN_STRICT_PROTOTYPES = YES;
				CLANG_WARN_SUSPICIOUS_MOVE = YES;
				CLANG_WARN_UNGUARDED_AVAILABILITY = YES_AGGRESSIVE;
				CLANG_WARN_UNREACHABLE_CODE = YES;
				CLANG_WARN__DUPLICATE_METHOD_MATCH = YES;
				CODE_SIGN_IDENTITY = "Mac Developer";
				COPY_PHASE_STRIP = NO;
				DEBUG_INFORMATION_FORMAT = "dwarf-with-dsym";
				ENABLE_NS_ASSERTIONS = NO;
				ENABLE_STRICT_OBJC_MSGSEND = YES;
				GCC_C_LANGUAGE_STANDARD = gnu11;
				GCC_NO_COMMON_BLOCKS = YES;
				GCC_WARN_64_TO_32_BIT_CONVERSION = YES;
				GCC_WARN_ABOUT_RETURN_TYPE = YES_ERROR;
				GCC_WARN_UNDECLARED_SELECTOR = YES;
				GCC_WARN_UNINITIALIZED_AUTOS = YES_AGGRESSIVE;
				GCC_WARN_UNUSED_FUNCTION = YES;
				GCC_WARN_UNUSED_VARIABLE = YES;
				MACOSX_DEPLOYMENT_TARGET = 10.13;
				MTL_ENABLE_DEBUG_INFO = NO;
				SDKROOT = macosx;
				SWIFT_OPTIMIZATION_LEVEL = "-Owholemodule";
			};
			name = Release;
		};
		691AE77F1FE24EC6006CE4DB /* Debug */ = {
			isa = XCBuildConfiguration;
			buildSettings = {
				ASSETCATALOG_COMPILER_APPICON_NAME = AppIcon;
				CODE_SIGN_ENTITLEMENTS = BTChat/BTChat.entitlements;
				CODE_SIGN_STYLE = Automatic;
				COMBINE_HIDPI_IMAGES = YES;
				DEVELOPMENT_TEAM = PB7SHXTJHG;
				INFOPLIST_FILE = BTChat/Info.plist;
				LD_RUNPATH_SEARCH_PATHS = "$(inherited) @executable_path/../Frameworks";
				MARKETING_VERSION = 0.0.1;
				PRODUCT_BUNDLE_IDENTIFIER = ch.kimhauser.macos.btchat;
				PRODUCT_NAME = "$(TARGET_NAME)";
				SWIFT_VERSION = 4.0;
			};
			name = Debug;
		};
		691AE7801FE24EC6006CE4DB /* Release */ = {
			isa = XCBuildConfiguration;
			buildSettings = {
				ASSETCATALOG_COMPILER_APPICON_NAME = AppIcon;
				CODE_SIGN_ENTITLEMENTS = BTChat/BTChat.entitlements;
				CODE_SIGN_STYLE = Automatic;
				COMBINE_HIDPI_IMAGES = YES;
				DEVELOPMENT_TEAM = PB7SHXTJHG;
				INFOPLIST_FILE = BTChat/Info.plist;
				LD_RUNPATH_SEARCH_PATHS = "$(inherited) @executable_path/../Frameworks";
				MARKETING_VERSION = 0.0.1;
				PRODUCT_BUNDLE_IDENTIFIER = ch.kimhauser.macos.btchat;
				PRODUCT_NAME = "$(TARGET_NAME)";
				SWIFT_VERSION = 4.0;
			};
			name = Release;
		};
/* End XCBuildConfiguration section */

/* Begin XCConfigurationList section */
		691AE7691FE24EC5006CE4DB /* Build configuration list for PBXProject "BTChat" */ = {
			isa = XCConfigurationList;
			buildConfigurations = (
				691AE77C1FE24EC6006CE4DB /* Debug */,
				691AE77D1FE24EC6006CE4DB /* Release */,
			);
			defaultConfigurationIsVisible = 0;
			defaultConfigurationName = Release;
		};
		691AE77E1FE24EC6006CE4DB /* Build configuration list for PBXNativeTarget "BTChat" */ = {
			isa = XCConfigurationList;
			buildConfigurations = (
				691AE77F1FE24EC6006CE4DB /* Debug */,
				691AE7801FE24EC6006CE4DB /* Release */,
			);
			defaultConfigurationIsVisible = 0;
			defaultConfigurationName = Release;
		};
/* End XCConfigurationList section */
	};
	rootObject = 691AE7661FE24EC5006CE4DB /* Project object */;
}
